schema: '2.0'
stages:
  1_Data_ingestion:
    cmd: python ./src/1_Data_ingestion.py
    deps:
    - path: ./src/1_Data_ingestion.py
      hash: md5
      md5: e21883b1da6af4217a14f699524f39ab
      size: 4956
    outs:
    - path: ./data/raw
      hash: md5
      md5: 1a287d34dc172d9f950c03dae35f7e73.dir
      size: 484846
      nfiles: 2
  2_Pre_Processing:
    cmd: python ./src/2_Pre_Processing.py
    deps:
    - path: ./data/raw
      hash: md5
      md5: 1a287d34dc172d9f950c03dae35f7e73.dir
      size: 484846
      nfiles: 2
    - path: ./src/2_Pre_Processing.py
      hash: md5
      md5: 0db58b6f9a40534a8d97043e5ee2afd0
      size: 6937
    outs:
    - path: ./data/interim
      hash: md5
      md5: d99be5cb2b019d747166f90739fa6d08.dir
      size: 260073
      nfiles: 2
  3_Feature_Engineering:
    cmd: python ./src/3_Feature_Engineering.py
    deps:
    - path: ./data/interim
      hash: md5
      md5: d99be5cb2b019d747166f90739fa6d08.dir
      size: 260073
      nfiles: 2
    - path: ./src/3_Feature_Engineering.py
      hash: md5
      md5: 4aa161e27c41d703364b368817b51646
      size: 7816
    params:
      params.yaml:
        3_Feature_Engineering.max_features: 50
    outs:
    - path: ./data/Processed
      hash: md5
      md5: 75e218e1ef3eca0fbee7bf147502a2e7.dir
      size: 1179996
      nfiles: 2
  4_Model_Training:
    cmd: python ./src/4_Model_Training.py
    deps:
    - path: ./data/Processed
      hash: md5
      md5: 75e218e1ef3eca0fbee7bf147502a2e7.dir
      size: 1179996
      nfiles: 2
    - path: ./src/4_Model_Training.py
      hash: md5
      md5: 599dede38e16e31991cc7c63a3c6a025
      size: 6691
    params:
      params.yaml:
        4_Model_Training.n_estimators: 25
        4_Model_Training.random_state: 2
    outs:
    - path: ./models/model.pkl
      hash: md5
      md5: a0c6336ab9357bb3fda9ca370d7c7024
      size: 998455
  5_Model_Evaluation:
    cmd: python ./src/5_Model_Evaluation.py
    deps:
    - path: ./data/Processed
      hash: md5
      md5: 75e218e1ef3eca0fbee7bf147502a2e7.dir
      size: 1179996
      nfiles: 2
    - path: ./models/model.pkl
      hash: md5
      md5: a0c6336ab9357bb3fda9ca370d7c7024
      size: 998455
    - path: ./src/5_Model_Evaluation.py
      hash: md5
      md5: 11efbce23c822a6f6427d5e18139eb5c
      size: 5631
    outs:
    - path: ./reports/metrics.json
      hash: md5
      md5: eac6afc8901064a391e7366797af3727
      size: 145
  1_Data_Ingestion:
    cmd: python ./src/1_Data_ingestion.py
    deps:
    - path: ./src/1_Data_ingestion.py
      hash: md5
      md5: 920ab8041003271ce800e53d4f2cae55
      size: 5948
    params:
      params.yaml:
        1_Data_Ingestion.test_size: 0.2
    outs:
    - path: ./data/raw
      hash: md5
      md5: 1a287d34dc172d9f950c03dae35f7e73.dir
      size: 484846
      nfiles: 2
