schema: '2.0'
stages:
  1_Data_ingestion:
    cmd: python ./src/1_Data_ingestion.py
    deps:
    - path: ./src/1_Data_ingestion.py
      hash: md5
      md5: e21883b1da6af4217a14f699524f39ab
      size: 4956
    outs:
    - path: ./data/raw
      hash: md5
      md5: 1a287d34dc172d9f950c03dae35f7e73.dir
      size: 484846
      nfiles: 2
  2_Pre_Processing:
    cmd: python ./src/2_Pre_Processing.py
    deps:
    - path: ./data/raw
      hash: md5
      md5: d26befd2dda9438254177d9000d9ba1f.dir
      size: 484846
      nfiles: 2
    - path: ./src/2_Pre_Processing.py
      hash: md5
      md5: 0db58b6f9a40534a8d97043e5ee2afd0
      size: 6937
    outs:
    - path: ./data/interim
      hash: md5
      md5: 61ca13b2e20854a1f7bacbbcfeca409e.dir
      size: 262513
      nfiles: 2
  3_Feature_Engineering:
    cmd: python ./src/3_Feature_Engineering.py
    deps:
    - path: ./data/interim
      hash: md5
      md5: 61ca13b2e20854a1f7bacbbcfeca409e.dir
      size: 262513
      nfiles: 2
    - path: ./src/3_Feature_Engineering.py
      hash: md5
      md5: 4aa161e27c41d703364b368817b51646
      size: 7816
    params:
      params.yaml:
        3_Feature_Engineering.max_features: 100
    outs:
    - path: ./data/Processed
      hash: md5
      md5: e642c733e2c12640471fc6dd89f54660.dir
      size: 2318267
      nfiles: 2
  4_Model_Training:
    cmd: python ./src/4_Model_Training.py
    deps:
    - path: ./data/Processed
      hash: md5
      md5: e642c733e2c12640471fc6dd89f54660.dir
      size: 2318267
      nfiles: 2
    - path: ./src/4_Model_Training.py
      hash: md5
      md5: 599dede38e16e31991cc7c63a3c6a025
      size: 6691
    params:
      params.yaml:
        4_Model_Training.n_estimators: 40
        4_Model_Training.random_state: 2
    outs:
    - path: ./models/model.pkl
      hash: md5
      md5: d61305d0487df66b756fb43dff09dedd
      size: 1872812
  5_Model_Evaluation:
    cmd: python ./src/5_Model_Evaluation.py
    deps:
    - path: ./data/Processed
      hash: md5
      md5: e642c733e2c12640471fc6dd89f54660.dir
      size: 2318267
      nfiles: 2
    - path: ./models/model.pkl
      hash: md5
      md5: d61305d0487df66b756fb43dff09dedd
      size: 1872812
    - path: ./src/5_Model_Evaluation.py
      hash: md5
      md5: cc2c41f3c0128e6471c343ec503934a1
      size: 6664
    outs:
    - path: ./reports/metrics.json
      hash: md5
      md5: 40e5df592b685dac1f54df0f710c5e5c
      size: 145
  1_Data_Ingestion:
    cmd: python ./src/1_Data_ingestion.py
    deps:
    - path: ./src/1_Data_ingestion.py
      hash: md5
      md5: 920ab8041003271ce800e53d4f2cae55
      size: 5948
    params:
      params.yaml:
        1_Data_Ingestion.test_size: 0.3
    outs:
    - path: ./data/raw
      hash: md5
      md5: d26befd2dda9438254177d9000d9ba1f.dir
      size: 484846
      nfiles: 2
